unique_id: 1ac6a21b-5428-4619-9b28-1fd4fe484fc4

binary_sensor:
  - name: Auto lock
    unique_id:
      fa52c105-9e96-4f01-b255-3b4f634b7efe
      # True if at the deck door is open for more than one minute
    state: >
      {{
        (is_state('binary_sensor.living_room_front_door', 'off')) and
        (
          is_state('lock.front_door_lock', 'unlocked') or
          is_state('cover.garage_door', 'open')
        )
      }}
    icon: mdi:lock-reset
