alias: Auto lock
id: 7d8eb4e1-f63f-4bed-a5f1-1b7134bfaf7a
description: Lock the front door and close the garage after ten minutes

# If any of the triggers occurs again during the delay, restart
mode: restart

trigger:
  - platform: state
    entity_id: lock.front_door_lock
    to: unlocked
  - platform: state
    entity_id: cover.garage_door
    to: open
  - platform: state
    entity_id: binary_sensor.living_room_front_door
    to: "off"

condition:
  - condition: state
    entity_id: input_boolean.outside_mode
    state: "off"

action:
  - delay:
      minutes: 10
  - service: script.lock_up
