alias: Auto lock
id: 7d8eb4e1-f63f-4bed-a5f1-1b7134bfaf7a
description: Auto-lock when timer expires

# If any of the triggers occurs again during the delay, restart
mode: single

trigger:
  - platform: event
    event_type: timer.finished
    event_data:
      entity_id: timer.auto_lock

action:
  - service: script.lock_up
